
Microsoft Visual Studio Solution File, Format Version 12.00
# Visual Studio Version 17
VisualStudioVersion = 17.8.34330.188
MinimumVisualStudioVersion = 10.0.40219.1
Project("{FAE04EC0-301F-11D3-BF4B-00C04F79EFBC}") = "WorkShopRoomPlanner", "WorkShopRoomPlanner\WorkShopRoomPlanner.csproj", "{FEF73A48-F48A-4E59-9F67-2251FF9932B7}"
EndProject
Global
	GlobalSection(SolutionConfigurationPlatforms) = preSolution
		Debug|Any CPU = Debug|Any CPU
		Release|Any CPU = Release|Any CPU
	EndGlobalSection
	GlobalSection(ProjectConfigurationPlatforms) = postSolution
		{FEF73A48-F48A-4E59-9F67-2251FF9932B7}.Debug|Any CPU.ActiveCfg = Debug|Any CPU
		{FEF73A48-F48A-4E59-9F67-2251FF9932B7}.Debug|Any CPU.Build.0 = Debug|Any CPU
		{FEF73A48-F48A-4E59-9F67-2251FF9932B7}.Release|Any CPU.ActiveCfg = Release|Any CPU
		{FEF73A48-F48A-4E59-9F67-2251FF9932B7}.Release|Any CPU.Build.0 = Release|Any CPU
	EndGlobalSection
	GlobalSection(SolutionProperties) = preSolution
		HideSolutionNode = FALSE
	EndGlobalSection
	GlobalSection(ExtensibilityGlobals) = postSolution
		SolutionGuid = {0A51D8F9-24AB-4C8A-898A-B23CF05FDF3B}
	EndGlobalSection
EndGlobal
