
Microsoft Visual Studio Solution File, Format Version 12.00
# Visual Studio Version 17
VisualStudioVersion = 17.8.34330.188
MinimumVisualStudioVersion = 10.0.40219.1
Project("{FAE04EC0-301F-11D3-BF4B-00C04F79EFBC}") = "Lab02", "Lab02\Lab02.csproj", "{D4554309-6475-4325-B733-FB946CF3402D}"
EndProject
Global
	GlobalSection(SolutionConfigurationPlatforms) = preSolution
		Debug|Any CPU = Debug|Any CPU
		Release|Any CPU = Release|Any CPU
	EndGlobalSection
	GlobalSection(ProjectConfigurationPlatforms) = postSolution
		{D4554309-6475-4325-B733-FB946CF3402D}.Debug|Any CPU.ActiveCfg = Debug|Any CPU
		{D4554309-6475-4325-B733-FB946CF3402D}.Debug|Any CPU.Build.0 = Debug|Any CPU
		{D4554309-6475-4325-B733-FB946CF3402D}.Release|Any CPU.ActiveCfg = Release|Any CPU
		{D4554309-6475-4325-B733-FB946CF3402D}.Release|Any CPU.Build.0 = Release|Any CPU
	EndGlobalSection
	GlobalSection(SolutionProperties) = preSolution
		HideSolutionNode = FALSE
	EndGlobalSection
	GlobalSection(ExtensibilityGlobals) = postSolution
		SolutionGuid = {467989E5-C81C-475E-B80E-CB7C999F0FC1}
	EndGlobalSection
EndGlobal
