
Microsoft Visual Studio Solution File, Format Version 12.00
# Visual Studio Version 17
VisualStudioVersion = 17.13.35825.156 d17.13
MinimumVisualStudioVersion = 10.0.40219.1
Project("{FAE04EC0-301F-11D3-BF4B-00C04F79EFBC}") = "WinFormsGraphics", "WinFormsGraphics.csproj", "{E4251E60-85A9-4943-8546-4D57CB7352EA}"
EndProject
Global
	GlobalSection(SolutionConfigurationPlatforms) = preSolution
		Debug|Any CPU = Debug|Any CPU
		Release|Any CPU = Release|Any CPU
	EndGlobalSection
	GlobalSection(ProjectConfigurationPlatforms) = postSolution
		{E4251E60-85A9-4943-8546-4D57CB7352EA}.Debug|Any CPU.ActiveCfg = Debug|Any CPU
		{E4251E60-85A9-4943-8546-4D57CB7352EA}.Debug|Any CPU.Build.0 = Debug|Any CPU
		{E4251E60-85A9-4943-8546-4D57CB7352EA}.Release|Any CPU.ActiveCfg = Release|Any CPU
		{E4251E60-85A9-4943-8546-4D57CB7352EA}.Release|Any CPU.Build.0 = Release|Any CPU
	EndGlobalSection
	GlobalSection(SolutionProperties) = preSolution
		HideSolutionNode = FALSE
	EndGlobalSection
	GlobalSection(ExtensibilityGlobals) = postSolution
		SolutionGuid = {9D194385-7272-4305-A207-CD847C27CBD7}
	EndGlobalSection
EndGlobal
